// !$*UTF8*$!
{
	archiveVersion = 1;
	classes = {
	};
	objectVersion = 56;
	objects = {

/* Begin PBXBuildFile section */
		28B4E52A2C0464C100BF80C5 /* AppDelegate.swift in Sources */ = {isa = PBXBuildFile; fileRef = 28B4E5292C0464C100BF80C5 /* AppDelegate.swift */; };
		28B4E52C2C0464C100BF80C5 /* SceneDelegate.swift in Sources */ = {isa = PBXBuildFile; fileRef = 28B4E52B2C0464C100BF80C5 /* SceneDelegate.swift */; };
		28B4E52E2C0464C100BF80C5 /* ViewController.swift in Sources */ = {isa = PBXBuildFile; fileRef = 28B4E52D2C0464C100BF80C5 /* ViewController.swift */; };
		28B4E5332C0464C300BF80C5 /* Assets.xcassets in Resources */ = {isa = PBXBuildFile; fileRef = 28B4E5322C0464C300BF80C5 /* Assets.xcassets */; };
		28B4E5362C0464C300BF80C5 /* LaunchScreen.storyboard in Resources */ = {isa = PBXBuildFile; fileRef = 28B4E5342C0464C300BF80C5 /* LaunchScreen.storyboard */; };
		28B4E53F2C0466C600BF80C5 /* HomeView.swift in Sources */ = {isa = PBXBuildFile; fileRef = 28B4E53E2C0466C600BF80C5 /* HomeView.swift */; };
		28B4E5412C0466E300BF80C5 /* HomeViewModel.swift in Sources */ = {isa = PBXBuildFile; fileRef = 28B4E5402C0466E300BF80C5 /* HomeViewModel.swift */; };
		28B4E5432C0466F700BF80C5 /* User.swift in Sources */ = {isa = PBXBuildFile; fileRef = 28B4E5422C0466F700BF80C5 /* User.swift */; };
		28B4E5452C04675A00BF80C5 /* AppCoordinator.swift in Sources */ = {isa = PBXBuildFile; fileRef = 28B4E5442C04675A00BF80C5 /* AppCoordinator.swift */; };
		28B4E5472C04677F00BF80C5 /* SearchView.swift in Sources */ = {isa = PBXBuildFile; fileRef = 28B4E5462C04677F00BF80C5 /* SearchView.swift */; };
		28B4E5492C04678700BF80C5 /* SearchViewModel.swift in Sources */ = {isa = PBXBuildFile; fileRef = 28B4E5482C04678700BF80C5 /* SearchViewModel.swift */; };
		28B4E54B2C04679D00BF80C5 /* BookmarksView.swift in Sources */ = {isa = PBXBuildFile; fileRef = 28B4E54A2C04679D00BF80C5 /* BookmarksView.swift */; };
		28B4E54D2C0467A500BF80C5 /* BookmarksViewModel.swift in Sources */ = {isa = PBXBuildFile; fileRef = 28B4E54C2C0467A500BF80C5 /* BookmarksViewModel.swift */; };
		28B4E54F2C0467B500BF80C5 /* InfoView.swift in Sources */ = {isa = PBXBuildFile; fileRef = 28B4E54E2C0467B500BF80C5 /* InfoView.swift */; };
		28B4E5512C0467BC00BF80C5 /* InfoViewModel.swift in Sources */ = {isa = PBXBuildFile; fileRef = 28B4E5502C0467BC00BF80C5 /* InfoViewModel.swift */; };
/* End PBXBuildFile section */

/* Begin PBXFileReference section */
		28B4E5262C0464C100BF80C5 /* Meal.app */ = {isa = PBXFileReference; explicitFileType = wrapper.application; includeInIndex = 0; path = Meal.app; sourceTree = BUILT_PRODUCTS_DIR; };
		28B4E5292C0464C100BF80C5 /* AppDelegate.swift */ = {isa = PBXFileReference; lastKnownFileType = sourcecode.swift; path = AppDelegate.swift; sourceTree = "<group>"; };
		28B4E52B2C0464C100BF80C5 /* SceneDelegate.swift */ = {isa = PBXFileReference; lastKnownFileType = sourcecode.swift; path = SceneDelegate.swift; sourceTree = "<group>"; };
		28B4E52D2C0464C100BF80C5 /* ViewController.swift */ = {isa = PBXFileReference; lastKnownFileType = sourcecode.swift; path = ViewController.swift; sourceTree = "<group>"; };
		28B4E5322C0464C300BF80C5 /* Assets.xcassets */ = {isa = PBXFileReference; lastKnownFileType = folder.assetcatalog; path = Assets.xcassets; sourceTree = "<group>"; };
		28B4E5352C0464C300BF80C5 /* Base */ = {isa = PBXFileReference; lastKnownFileType = file.storyboard; name = Base; path = Base.lproj/LaunchScreen.storyboard; sourceTree = "<group>"; };
		28B4E5372C0464C300BF80C5 /* Info.plist */ = {isa = PBXFileReference; lastKnownFileType = text.plist.xml; path = Info.plist; sourceTree = "<group>"; };
		28B4E53E2C0466C600BF80C5 /* HomeView.swift */ = {isa = PBXFileReference; lastKnownFileType = sourcecode.swift; path = HomeView.swift; sourceTree = "<group>"; };
		28B4E5402C0466E300BF80C5 /* HomeViewModel.swift */ = {isa = PBXFileReference; lastKnownFileType = sourcecode.swift; path = HomeViewModel.swift; sourceTree = "<group>"; };
		28B4E5422C0466F700BF80C5 /* User.swift */ = {isa = PBXFileReference; lastKnownFileType = sourcecode.swift; path = User.swift; sourceTree = "<group>"; };
		28B4E5442C04675A00BF80C5 /* AppCoordinator.swift */ = {isa = PBXFileReference; lastKnownFileType = sourcecode.swift; path = AppCoordinator.swift; sourceTree = "<group>"; };
		28B4E5462C04677F00BF80C5 /* SearchView.swift */ = {isa = PBXFileReference; lastKnownFileType = sourcecode.swift; path = SearchView.swift; sourceTree = "<group>"; };
		28B4E5482C04678700BF80C5 /* SearchViewModel.swift */ = {isa = PBXFileReference; lastKnownFileType = sourcecode.swift; path = SearchViewModel.swift; sourceTree = "<group>"; };
		28B4E54A2C04679D00BF80C5 /* BookmarksView.swift */ = {isa = PBXFileReference; lastKnownFileType = sourcecode.swift; path = BookmarksView.swift; sourceTree = "<group>"; };
		28B4E54C2C0467A500BF80C5 /* BookmarksViewModel.swift */ = {isa = PBXFileReference; lastKnownFileType = sourcecode.swift; path = BookmarksViewModel.swift; sourceTree = "<group>"; };
		28B4E54E2C0467B500BF80C5 /* InfoView.swift */ = {isa = PBXFileReference; lastKnownFileType = sourcecode.swift; path = InfoView.swift; sourceTree = "<group>"; };
		28B4E5502C0467BC00BF80C5 /* InfoViewModel.swift */ = {isa = PBXFileReference; lastKnownFileType = sourcecode.swift; path = InfoViewModel.swift; sourceTree = "<group>"; };
/* End PBXFileReference section */

/* Begin PBXFrameworksBuildPhase section */
		28B4E5232C0464C100BF80C5 /* Frameworks */ = {
			isa = PBXFrameworksBuildPhase;
			buildActionMask = 2147483647;
			files = (
			);
			runOnlyForDeploymentPostprocessing = 0;
		};
/* End PBXFrameworksBuildPhase section */

/* Begin PBXGroup section */
		28B4E51D2C0464C100BF80C5 = {
			isa = PBXGroup;
			children = (
				28B4E5282C0464C100BF80C5 /* Meal */,
				28B4E5272C0464C100BF80C5 /* Products */,
			);
			sourceTree = "<group>";
		};
		28B4E5272C0464C100BF80C5 /* Products */ = {
			isa = PBXGroup;
			children = (
				28B4E5262C0464C100BF80C5 /* Meal.app */,
			);
			name = Products;
			sourceTree = "<group>";
		};
		28B4E5282C0464C100BF80C5 /* Meal */ = {
			isa = PBXGroup;
			children = (
				28B4E53D2C0466A500BF80C5 /* Screens */,
				28B4E52B2C0464C100BF80C5 /* SceneDelegate.swift */,
				28B4E5292C0464C100BF80C5 /* AppDelegate.swift */,
				28B4E52D2C0464C100BF80C5 /* ViewController.swift */,
				28B4E5322C0464C300BF80C5 /* Assets.xcassets */,
				28B4E5342C0464C300BF80C5 /* LaunchScreen.storyboard */,
				28B4E5372C0464C300BF80C5 /* Info.plist */,
				28B4E5422C0466F700BF80C5 /* User.swift */,
				28B4E5442C04675A00BF80C5 /* AppCoordinator.swift */,
			);
			path = Meal;
			sourceTree = "<group>";
		};
		28B4E53D2C0466A500BF80C5 /* Screens */ = {
			isa = PBXGroup;
			children = (
				28B4E5532C046A1C00BF80C5 /* SearchView */,
				28B4E5522C046A0C00BF80C5 /* HomeView */,
				28B4E5542C046A2E00BF80C5 /* BookmarksView */,
				28B4E5552C046A8C00BF80C5 /* InfoView */,
			);
			path = Screens;
			sourceTree = "<group>";
		};
		28B4E5522C046A0C00BF80C5 /* HomeView */ = {
			isa = PBXGroup;
			children = (
				28B4E53E2C0466C600BF80C5 /* HomeView.swift */,
				28B4E5402C0466E300BF80C5 /* HomeViewModel.swift */,
			);
			path = HomeView;
			sourceTree = "<group>";
		};
		28B4E5532C046A1C00BF80C5 /* SearchView */ = {
			isa = PBXGroup;
			children = (
				28B4E5462C04677F00BF80C5 /* SearchView.swift */,
				28B4E5482C04678700BF80C5 /* SearchViewModel.swift */,
			);
			path = SearchView;
			sourceTree = "<group>";
		};
		28B4E5542C046A2E00BF80C5 /* BookmarksView */ = {
			isa = PBXGroup;
			children = (
				28B4E54A2C04679D00BF80C5 /* BookmarksView.swift */,
				28B4E54C2C0467A500BF80C5 /* BookmarksViewModel.swift */,
			);
			path = BookmarksView;
			sourceTree = "<group>";
		};
		28B4E5552C046A8C00BF80C5 /* InfoView */ = {
			isa = PBXGroup;
			children = (
				28B4E54E2C0467B500BF80C5 /* InfoView.swift */,
				28B4E5502C0467BC00BF80C5 /* InfoViewModel.swift */,
			);
			path = InfoView;
			sourceTree = "<group>";
		};
/* End PBXGroup section */

/* Begin PBXNativeTarget section */
		28B4E5252C0464C100BF80C5 /* Meal */ = {
			isa = PBXNativeTarget;
			buildConfigurationList = 28B4E53A2C0464C300BF80C5 /* Build configuration list for PBXNativeTarget "Meal" */;
			buildPhases = (
				28B4E5222C0464C100BF80C5 /* Sources */,
				28B4E5232C0464C100BF80C5 /* Frameworks */,
				28B4E5242C0464C100BF80C5 /* Resources */,
			);
			buildRules = (
			);
			dependencies = (
			);
			name = Meal;
			productName = Meal;
			productReference = 28B4E5262C0464C100BF80C5 /* Meal.app */;
			productType = "com.apple.product-type.application";
		};
/* End PBXNativeTarget section */

/* Begin PBXProject section */
		28B4E51E2C0464C100BF80C5 /* Project object */ = {
			isa = PBXProject;
			attributes = {
				BuildIndependentTargetsInParallel = 1;
				LastSwiftUpdateCheck = 1500;
				LastUpgradeCheck = 1500;
				TargetAttributes = {
					28B4E5252C0464C100BF80C5 = {
						CreatedOnToolsVersion = 15.0.1;
					};
				};
			};
			buildConfigurationList = 28B4E5212C0464C100BF80C5 /* Build configuration list for PBXProject "Meal" */;
			compatibilityVersion = "Xcode 14.0";
			developmentRegion = en;
			hasScannedForEncodings = 0;
			knownRegions = (
				en,
				Base,
			);
			mainGroup = 28B4E51D2C0464C100BF80C5;
			productRefGroup = 28B4E5272C0464C100BF80C5 /* Products */;
			projectDirPath = "";
			projectRoot = "";
			targets = (
				28B4E5252C0464C100BF80C5 /* Meal */,
			);
		};
/* End PBXProject section */

/* Begin PBXResourcesBuildPhase section */
		28B4E5242C0464C100BF80C5 /* Resources */ = {
			isa = PBXResourcesBuildPhase;
			buildActionMask = 2147483647;
			files = (
				28B4E5362C0464C300BF80C5 /* LaunchScreen.storyboard in Resources */,
				28B4E5332C0464C300BF80C5 /* Assets.xcassets in Resources */,
			);
			runOnlyForDeploymentPostprocessing = 0;
		};
/* End PBXResourcesBuildPhase section */

/* Begin PBXSourcesBuildPhase section */
		28B4E5222C0464C100BF80C5 /* Sources */ = {
			isa = PBXSourcesBuildPhase;
			buildActionMask = 2147483647;
			files = (
				28B4E5512C0467BC00BF80C5 /* InfoViewModel.swift in Sources */,
				28B4E54D2C0467A500BF80C5 /* BookmarksViewModel.swift in Sources */,
				28B4E52E2C0464C100BF80C5 /* ViewController.swift in Sources */,
				28B4E53F2C0466C600BF80C5 /* HomeView.swift in Sources */,
				28B4E5432C0466F700BF80C5 /* User.swift in Sources */,
				28B4E54F2C0467B500BF80C5 /* InfoView.swift in Sources */,
				28B4E52A2C0464C100BF80C5 /* AppDelegate.swift in Sources */,
				28B4E5472C04677F00BF80C5 /* SearchView.swift in Sources */,
				28B4E5412C0466E300BF80C5 /* HomeViewModel.swift in Sources */,
				28B4E5492C04678700BF80C5 /* SearchViewModel.swift in Sources */,
				28B4E52C2C0464C100BF80C5 /* SceneDelegate.swift in Sources */,
				28B4E54B2C04679D00BF80C5 /* BookmarksView.swift in Sources */,
				28B4E5452C04675A00BF80C5 /* AppCoordinator.swift in Sources */,
			);
			runOnlyForDeploymentPostprocessing = 0;
		};
/* End PBXSourcesBuildPhase section */

/* Begin PBXVariantGroup section */
		28B4E5342C0464C300BF80C5 /* LaunchScreen.storyboard */ = {
			isa = PBXVariantGroup;
			children = (
				28B4E5352C0464C300BF80C5 /* Base */,
			);
			name = LaunchScreen.storyboard;
			sourceTree = "<group>";
		};
/* End PBXVariantGroup section */

/* Begin XCBuildConfiguration section */
		28B4E5382C0464C300BF80C5 /* Debug */ = {
			isa = XCBuildConfiguration;
			buildSettings = {
				ALWAYS_SEARCH_USER_PATHS = NO;
				ASSETCATALOG_COMPILER_GENERATE_SWIFT_ASSET_SYMBOL_EXTENSIONS = YES;
				CLANG_ANALYZER_NONNULL = YES;
				CLANG_ANALYZER_NUMBER_OBJECT_CONVERSION = YES_AGGRESSIVE;
				CLANG_CXX_LANGUAGE_STANDARD = "gnu++20";
				CLANG_ENABLE_MODULES = YES;
				CLANG_ENABLE_OBJC_ARC = YES;
				CLANG_ENABLE_OBJC_WEAK = YES;
				CLANG_WARN_BLOCK_CAPTURE_AUTORELEASING = YES;
				CLANG_WARN_BOOL_CONVERSION = YES;
				CLANG_WARN_COMMA = YES;
				CLANG_WARN_CONSTANT_CONVERSION = YES;
				CLANG_WARN_DEPRECATED_OBJC_IMPLEMENTATIONS = YES;
				CLANG_WARN_DIRECT_OBJC_ISA_USAGE = YES_ERROR;
				CLANG_WARN_DOCUMENTATION_COMMENTS = YES;
				CLANG_WARN_EMPTY_BODY = YES;
				CLANG_WARN_ENUM_CONVERSION = YES;
				CLANG_WARN_INFINITE_RECURSION = YES;
				CLANG_WARN_INT_CONVERSION = YES;
				CLANG_WARN_NON_LITERAL_NULL_CONVERSION = YES;
				CLANG_WARN_OBJC_IMPLICIT_RETAIN_SELF = YES;
				CLANG_WARN_OBJC_LITERAL_CONVERSION = YES;
				CLANG_WARN_OBJC_ROOT_CLASS = YES_ERROR;
				CLANG_WARN_QUOTED_INCLUDE_IN_FRAMEWORK_HEADER = YES;
				CLANG_WARN_RANGE_LOOP_ANALYSIS = YES;
				CLANG_WARN_STRICT_PROTOTYPES = YES;
				CLANG_WARN_SUSPICIOUS_MOVE = YES;
				CLANG_WARN_UNGUARDED_AVAILABILITY = YES_AGGRESSIVE;
				CLANG_WARN_UNREACHABLE_CODE = YES;
				CLANG_WARN__DUPLICATE_METHOD_MATCH = YES;
				COPY_PHASE_STRIP = NO;
				DEBUG_INFORMATION_FORMAT = dwarf;
				ENABLE_STRICT_OBJC_MSGSEND = YES;
				ENABLE_TESTABILITY = YES;
				ENABLE_USER_SCRIPT_SANDBOXING = YES;
				GCC_C_LANGUAGE_STANDARD = gnu17;
				GCC_DYNAMIC_NO_PIC = NO;
				GCC_NO_COMMON_BLOCKS = YES;
				GCC_OPTIMIZATION_LEVEL = 0;
				GCC_PREPROCESSOR_DEFINITIONS = (
					"DEBUG=1",
					"$(inherited)",
				);
				GCC_WARN_64_TO_32_BIT_CONVERSION = YES;
				GCC_WARN_ABOUT_RETURN_TYPE = YES_ERROR;
				GCC_WARN_UNDECLARED_SELECTOR = YES;
				GCC_WARN_UNINITIALIZED_AUTOS = YES_AGGRESSIVE;
				GCC_WARN_UNUSED_FUNCTION = YES;
				GCC_WARN_UNUSED_VARIABLE = YES;
				IPHONEOS_DEPLOYMENT_TARGET = 17.0;
				LOCALIZATION_PREFERS_STRING_CATALOGS = YES;
				MTL_ENABLE_DEBUG_INFO = INCLUDE_SOURCE;
				MTL_FAST_MATH = YES;
				ONLY_ACTIVE_ARCH = YES;
				SDKROOT = iphoneos;
				SWIFT_ACTIVE_COMPILATION_CONDITIONS = "DEBUG $(inherited)";
				SWIFT_OPTIMIZATION_LEVEL = "-Onone";
			};
			name = Debug;
		};
		28B4E5392C0464C300BF80C5 /* Release */ = {
			isa = XCBuildConfiguration;
			buildSettings = {
				ALWAYS_SEARCH_USER_PATHS = NO;
				ASSETCATALOG_COMPILER_GENERATE_SWIFT_ASSET_SYMBOL_EXTENSIONS = YES;
				CLANG_ANALYZER_NONNULL = YES;
				CLANG_ANALYZER_NUMBER_OBJECT_CONVERSION = YES_AGGRESSIVE;
				CLANG_CXX_LANGUAGE_STANDARD = "gnu++20";
				CLANG_ENABLE_MODULES = YES;
				CLANG_ENABLE_OBJC_ARC = YES;
				CLANG_ENABLE_OBJC_WEAK = YES;
				CLANG_WARN_BLOCK_CAPTURE_AUTORELEASING = YES;
				CLANG_WARN_BOOL_CONVERSION = YES;
				CLANG_WARN_COMMA = YES;
				CLANG_WARN_CONSTANT_CONVERSION = YES;
				CLANG_WARN_DEPRECATED_OBJC_IMPLEMENTATIONS = YES;
				CLANG_WARN_DIRECT_OBJC_ISA_USAGE = YES_ERROR;
				CLANG_WARN_DOCUMENTATION_COMMENTS = YES;
				CLANG_WARN_EMPTY_BODY = YES;
				CLANG_WARN_ENUM_CONVERSION = YES;
				CLANG_WARN_INFINITE_RECURSION = YES;
				CLANG_WARN_INT_CONVERSION = YES;
				CLANG_WARN_NON_LITERAL_NULL_CONVERSION = YES;
				CLANG_WARN_OBJC_IMPLICIT_RETAIN_SELF = YES;
				CLANG_WARN_OBJC_LITERAL_CONVERSION = YES;
				CLANG_WARN_OBJC_ROOT_CLASS = YES_ERROR;
				CLANG_WARN_QUOTED_INCLUDE_IN_FRAMEWORK_HEADER = YES;
				CLANG_WARN_RANGE_LOOP_ANALYSIS = YES;
				CLANG_WARN_STRICT_PROTOTYPES = YES;
				CLANG_WARN_SUSPICIOUS_MOVE = YES;
				CLANG_WARN_UNGUARDED_AVAILABILITY = YES_AGGRESSIVE;
				CLANG_WARN_UNREACHABLE_CODE = YES;
				CLANG_WARN__DUPLICATE_METHOD_MATCH = YES;
				COPY_PHASE_STRIP = NO;
				DEBUG_INFORMATION_FORMAT = "dwarf-with-dsym";
				ENABLE_NS_ASSERTIONS = NO;
				ENABLE_STRICT_OBJC_MSGSEND = YES;
				ENABLE_USER_SCRIPT_SANDBOXING = YES;
				GCC_C_LANGUAGE_STANDARD = gnu17;
				GCC_NO_COMMON_BLOCKS = YES;
				GCC_WARN_64_TO_32_BIT_CONVERSION = YES;
				GCC_WARN_ABOUT_RETURN_TYPE = YES_ERROR;
				GCC_WARN_UNDECLARED_SELECTOR = YES;
				GCC_WARN_UNINITIALIZED_AUTOS = YES_AGGRESSIVE;
				GCC_WARN_UNUSED_FUNCTION = YES;
				GCC_WARN_UNUSED_VARIABLE = YES;
				IPHONEOS_DEPLOYMENT_TARGET = 17.0;
				LOCALIZATION_PREFERS_STRING_CATALOGS = YES;
				MTL_ENABLE_DEBUG_INFO = NO;
				MTL_FAST_MATH = YES;
				SDKROOT = iphoneos;
				SWIFT_COMPILATION_MODE = wholemodule;
				VALIDATE_PRODUCT = YES;
			};
			name = Release;
		};
		28B4E53B2C0464C300BF80C5 /* Debug */ = {
			isa = XCBuildConfiguration;
			buildSettings = {
				ASSETCATALOG_COMPILER_APPICON_NAME = AppIcon;
				ASSETCATALOG_COMPILER_GLOBAL_ACCENT_COLOR_NAME = AccentColor;
				CODE_SIGN_STYLE = Automatic;
				CURRENT_PROJECT_VERSION = 1;
				GENERATE_INFOPLIST_FILE = YES;
				INFOPLIST_FILE = Meal/Info.plist;
				INFOPLIST_KEY_UIApplicationSupportsIndirectInputEvents = YES;
				INFOPLIST_KEY_UILaunchStoryboardName = LaunchScreen;
				INFOPLIST_KEY_UIMainStoryboardFile = "";
				INFOPLIST_KEY_UISupportedInterfaceOrientations_iPad = "UIInterfaceOrientationPortrait UIInterfaceOrientationPortraitUpsideDown UIInterfaceOrientationLandscapeLeft UIInterfaceOrientationLandscapeRight";
				INFOPLIST_KEY_UISupportedInterfaceOrientations_iPhone = "UIInterfaceOrientationPortrait UIInterfaceOrientationLandscapeLeft UIInterfaceOrientationLandscapeRight";
				LD_RUNPATH_SEARCH_PATHS = (
					"$(inherited)",
					"@executable_path/Frameworks",
				);
				MARKETING_VERSION = 1.0;
				PRODUCT_BUNDLE_IDENTIFIER = jurica.mikulic.Meal;
				PRODUCT_NAME = "$(TARGET_NAME)";
				SWIFT_EMIT_LOC_STRINGS = YES;
				SWIFT_VERSION = 5.0;
				TARGETED_DEVICE_FAMILY = "1,2";
			};
			name = Debug;
		};
		28B4E53C2C0464C300BF80C5 /* Release */ = {
			isa = XCBuildConfiguration;
			buildSettings = {
				ASSETCATALOG_COMPILER_APPICON_NAME = AppIcon;
				ASSETCATALOG_COMPILER_GLOBAL_ACCENT_COLOR_NAME = AccentColor;
				CODE_SIGN_STYLE = Automatic;
				CURRENT_PROJECT_VERSION = 1;
				GENERATE_INFOPLIST_FILE = YES;
				INFOPLIST_FILE = Meal/Info.plist;
				INFOPLIST_KEY_UIApplicationSupportsIndirectInputEvents = YES;
				INFOPLIST_KEY_UILaunchStoryboardName = LaunchScreen;
				INFOPLIST_KEY_UIMainStoryboardFile = "";
				INFOPLIST_KEY_UISupportedInterfaceOrientations_iPad = "UIInterfaceOrientationPortrait UIInterfaceOrientationPortraitUpsideDown UIInterfaceOrientationLandscapeLeft UIInterfaceOrientationLandscapeRight";
				INFOPLIST_KEY_UISupportedInterfaceOrientations_iPhone = "UIInterfaceOrientationPortrait UIInterfaceOrientationLandscapeLeft UIInterfaceOrientationLandscapeRight";
				LD_RUNPATH_SEARCH_PATHS = (
					"$(inherited)",
					"@executable_path/Frameworks",
				);
				MARKETING_VERSION = 1.0;
				PRODUCT_BUNDLE_IDENTIFIER = jurica.mikulic.Meal;
				PRODUCT_NAME = "$(TARGET_NAME)";
				SWIFT_EMIT_LOC_STRINGS = YES;
				SWIFT_VERSION = 5.0;
				TARGETED_DEVICE_FAMILY = "1,2";
			};
			name = Release;
		};
/* End XCBuildConfiguration section */

/* Begin XCConfigurationList section */
		28B4E5212C0464C100BF80C5 /* Build configuration list for PBXProject "Meal" */ = {
			isa = XCConfigurationList;
			buildConfigurations = (
				28B4E5382C0464C300BF80C5 /* Debug */,
				28B4E5392C0464C300BF80C5 /* Release */,
			);
			defaultConfigurationIsVisible = 0;
			defaultConfigurationName = Release;
		};
		28B4E53A2C0464C300BF80C5 /* Build configuration list for PBXNativeTarget "Meal" */ = {
			isa = XCConfigurationList;
			buildConfigurations = (
				28B4E53B2C0464C300BF80C5 /* Debug */,
				28B4E53C2C0464C300BF80C5 /* Release */,
			);
			defaultConfigurationIsVisible = 0;
			defaultConfigurationName = Release;
		};
/* End XCConfigurationList section */
	};
	rootObject = 28B4E51E2C0464C100BF80C5 /* Project object */;
}
